// !$*UTF8*$!
{
	archiveVersion = 1;
	classes = {
	};
	objectVersion = 50;
	objects = {

/* Begin PBXBuildFile section */
		DDB3926823BA70FD00F94B24 /* AppDelegate.swift in Sources */ = {isa = PBXBuildFile; fileRef = DDB3926723BA70FD00F94B24 /* AppDelegate.swift */; };
		DDB3926A23BA70FD00F94B24 /* ContentView.swift in Sources */ = {isa = PBXBuildFile; fileRef = DDB3926923BA70FD00F94B24 /* ContentView.swift */; };
		DDB3926C23BA70FF00F94B24 /* Assets.xcassets in Resources */ = {isa = PBXBuildFile; fileRef = DDB3926B23BA70FF00F94B24 /* Assets.xcassets */; };
		DDB3926F23BA70FF00F94B24 /* Preview Assets.xcassets in Resources */ = {isa = PBXBuildFile; fileRef = DDB3926E23BA70FF00F94B24 /* Preview Assets.xcassets */; };
		DDB3927223BA70FF00F94B24 /* Main.storyboard in Resources */ = {isa = PBXBuildFile; fileRef = DDB3927023BA70FF00F94B24 /* Main.storyboard */; };
		DDB3927E23BA70FF00F94B24 /* Main_MenuTests.swift in Sources */ = {isa = PBXBuildFile; fileRef = DDB3927D23BA70FF00F94B24 /* Main_MenuTests.swift */; };
		DDB3928923BA70FF00F94B24 /* Main_MenuUITests.swift in Sources */ = {isa = PBXBuildFile; fileRef = DDB3928823BA70FF00F94B24 /* Main_MenuUITests.swift */; };
/* End PBXBuildFile section */

/* Begin PBXContainerItemProxy section */
		DDB3927A23BA70FF00F94B24 /* PBXContainerItemProxy */ = {
			isa = PBXContainerItemProxy;
			containerPortal = DDB3925C23BA70FD00F94B24 /* Project object */;
			proxyType = 1;
			remoteGlobalIDString = DDB3926323BA70FD00F94B24;
			remoteInfo = "Main Menu";
		};
		DDB3928523BA70FF00F94B24 /* PBXContainerItemProxy */ = {
			isa = PBXContainerItemProxy;
			containerPortal = DDB3925C23BA70FD00F94B24 /* Project object */;
			proxyType = 1;
			remoteGlobalIDString = DDB3926323BA70FD00F94B24;
			remoteInfo = "Main Menu";
		};
/* End PBXContainerItemProxy section */

/* Begin PBXFileReference section */
		DDB3926423BA70FD00F94B24 /* Main Menu.app */ = {isa = PBXFileReference; explicitFileType = wrapper.application; includeInIndex = 0; path = "Main Menu.app"; sourceTree = BUILT_PRODUCTS_DIR; };
		DDB3926723BA70FD00F94B24 /* AppDelegate.swift */ = {isa = PBXFileReference; lastKnownFileType = sourcecode.swift; path = AppDelegate.swift; sourceTree = "<group>"; };
		DDB3926923BA70FD00F94B24 /* ContentView.swift */ = {isa = PBXFileReference; lastKnownFileType = sourcecode.swift; path = ContentView.swift; sourceTree = "<group>"; };
		DDB3926B23BA70FF00F94B24 /* Assets.xcassets */ = {isa = PBXFileReference; lastKnownFileType = folder.assetcatalog; path = Assets.xcassets; sourceTree = "<group>"; };
		DDB3926E23BA70FF00F94B24 /* Preview Assets.xcassets */ = {isa = PBXFileReference; lastKnownFileType = folder.assetcatalog; path = "Preview Assets.xcassets"; sourceTree = "<group>"; };
		DDB3927123BA70FF00F94B24 /* Base */ = {isa = PBXFileReference; lastKnownFileType = file.storyboard; name = Base; path = Base.lproj/Main.storyboard; sourceTree = "<group>"; };
		DDB3927323BA70FF00F94B24 /* Info.plist */ = {isa = PBXFileReference; lastKnownFileType = text.plist.xml; path = Info.plist; sourceTree = "<group>"; };
		DDB3927423BA70FF00F94B24 /* Main_Menu.entitlements */ = {isa = PBXFileReference; lastKnownFileType = text.plist.entitlements; path = Main_Menu.entitlements; sourceTree = "<group>"; };
		DDB3927923BA70FF00F94B24 /* Main MenuTests.xctest */ = {isa = PBXFileReference; explicitFileType = wrapper.cfbundle; includeInIndex = 0; path = "Main MenuTests.xctest"; sourceTree = BUILT_PRODUCTS_DIR; };
		DDB3927D23BA70FF00F94B24 /* Main_MenuTests.swift */ = {isa = PBXFileReference; lastKnownFileType = sourcecode.swift; path = Main_MenuTests.swift; sourceTree = "<group>"; };
		DDB3927F23BA70FF00F94B24 /* Info.plist */ = {isa = PBXFileReference; lastKnownFileType = text.plist.xml; path = Info.plist; sourceTree = "<group>"; };
		DDB3928423BA70FF00F94B24 /* Main MenuUITests.xctest */ = {isa = PBXFileReference; explicitFileType = wrapper.cfbundle; includeInIndex = 0; path = "Main MenuUITests.xctest"; sourceTree = BUILT_PRODUCTS_DIR; };
		DDB3928823BA70FF00F94B24 /* Main_MenuUITests.swift */ = {isa = PBXFileReference; lastKnownFileType = sourcecode.swift; path = Main_MenuUITests.swift; sourceTree = "<group>"; };
		DDB3928A23BA70FF00F94B24 /* Info.plist */ = {isa = PBXFileReference; lastKnownFileType = text.plist.xml; path = Info.plist; sourceTree = "<group>"; };
/* End PBXFileReference section */

/* Begin PBXFrameworksBuildPhase section */
		DDB3926123BA70FD00F94B24 /* Frameworks */ = {
			isa = PBXFrameworksBuildPhase;
			buildActionMask = 2147483647;
			files = (
			);
			runOnlyForDeploymentPostprocessing = 0;
		};
		DDB3927623BA70FF00F94B24 /* Frameworks */ = {
			isa = PBXFrameworksBuildPhase;
			buildActionMask = 2147483647;
			files = (
			);
			runOnlyForDeploymentPostprocessing = 0;
		};
		DDB3928123BA70FF00F94B24 /* Frameworks */ = {
			isa = PBXFrameworksBuildPhase;
			buildActionMask = 2147483647;
			files = (
			);
			runOnlyForDeploymentPostprocessing = 0;
		};
/* End PBXFrameworksBuildPhase section */

/* Begin PBXGroup section */
		DDB3925B23BA70FD00F94B24 = {
			isa = PBXGroup;
			children = (
				DDB3926623BA70FD00F94B24 /* Main Menu */,
				DDB3927C23BA70FF00F94B24 /* Main MenuTests */,
				DDB3928723BA70FF00F94B24 /* Main MenuUITests */,
				DDB3926523BA70FD00F94B24 /* Products */,
			);
			sourceTree = "<group>";
		};
		DDB3926523BA70FD00F94B24 /* Products */ = {
			isa = PBXGroup;
			children = (
				DDB3926423BA70FD00F94B24 /* Main Menu.app */,
				DDB3927923BA70FF00F94B24 /* Main MenuTests.xctest */,
				DDB3928423BA70FF00F94B24 /* Main MenuUITests.xctest */,
			);
			name = Products;
			sourceTree = "<group>";
		};
		DDB3926623BA70FD00F94B24 /* Main Menu */ = {
			isa = PBXGroup;
			children = (
				DDB3926723BA70FD00F94B24 /* AppDelegate.swift */,
				DDB3926923BA70FD00F94B24 /* ContentView.swift */,
				DDB3926B23BA70FF00F94B24 /* Assets.xcassets */,
				DDB3927023BA70FF00F94B24 /* Main.storyboard */,
				DDB3927323BA70FF00F94B24 /* Info.plist */,
				DDB3927423BA70FF00F94B24 /* Main_Menu.entitlements */,
				DDB3926D23BA70FF00F94B24 /* Preview Content */,
			);
			path = "Main Menu";
			sourceTree = "<group>";
		};
		DDB3926D23BA70FF00F94B24 /* Preview Content */ = {
			isa = PBXGroup;
			children = (
				DDB3926E23BA70FF00F94B24 /* Preview Assets.xcassets */,
			);
			path = "Preview Content";
			sourceTree = "<group>";
		};
		DDB3927C23BA70FF00F94B24 /* Main MenuTests */ = {
			isa = PBXGroup;
			children = (
				DDB3927D23BA70FF00F94B24 /* Main_MenuTests.swift */,
				DDB3927F23BA70FF00F94B24 /* Info.plist */,
			);
			path = "Main MenuTests";
			sourceTree = "<group>";
		};
		DDB3928723BA70FF00F94B24 /* Main MenuUITests */ = {
			isa = PBXGroup;
			children = (
				DDB3928823BA70FF00F94B24 /* Main_MenuUITests.swift */,
				DDB3928A23BA70FF00F94B24 /* Info.plist */,
			);
			path = "Main MenuUITests";
			sourceTree = "<group>";
		};
/* End PBXGroup section */

/* Begin PBXNativeTarget section */
		DDB3926323BA70FD00F94B24 /* Main Menu */ = {
			isa = PBXNativeTarget;
			buildConfigurationList = DDB3928D23BA70FF00F94B24 /* Build configuration list for PBXNativeTarget "Main Menu" */;
			buildPhases = (
				DDB3926023BA70FD00F94B24 /* Sources */,
				DDB3926123BA70FD00F94B24 /* Frameworks */,
				DDB3926223BA70FD00F94B24 /* Resources */,
			);
			buildRules = (
			);
			dependencies = (
			);
			name = "Main Menu";
			productName = "Main Menu";
			productReference = DDB3926423BA70FD00F94B24 /* Main Menu.app */;
			productType = "com.apple.product-type.application";
		};
		DDB3927823BA70FF00F94B24 /* Main MenuTests */ = {
			isa = PBXNativeTarget;
			buildConfigurationList = DDB3929023BA70FF00F94B24 /* Build configuration list for PBXNativeTarget "Main MenuTests" */;
			buildPhases = (
				DDB3927523BA70FF00F94B24 /* Sources */,
				DDB3927623BA70FF00F94B24 /* Frameworks */,
				DDB3927723BA70FF00F94B24 /* Resources */,
			);
			buildRules = (
			);
			dependencies = (
				DDB3927B23BA70FF00F94B24 /* PBXTargetDependency */,
			);
			name = "Main MenuTests";
			productName = "Main MenuTests";
			productReference = DDB3927923BA70FF00F94B24 /* Main MenuTests.xctest */;
			productType = "com.apple.product-type.bundle.unit-test";
		};
		DDB3928323BA70FF00F94B24 /* Main MenuUITests */ = {
			isa = PBXNativeTarget;
			buildConfigurationList = DDB3929323BA70FF00F94B24 /* Build configuration list for PBXNativeTarget "Main MenuUITests" */;
			buildPhases = (
				DDB3928023BA70FF00F94B24 /* Sources */,
				DDB3928123BA70FF00F94B24 /* Frameworks */,
				DDB3928223BA70FF00F94B24 /* Resources */,
			);
			buildRules = (
			);
			dependencies = (
				DDB3928623BA70FF00F94B24 /* PBXTargetDependency */,
			);
			name = "Main MenuUITests";
			productName = "Main MenuUITests";
			productReference = DDB3928423BA70FF00F94B24 /* Main MenuUITests.xctest */;
			productType = "com.apple.product-type.bundle.ui-testing";
		};
/* End PBXNativeTarget section */

/* Begin PBXProject section */
		DDB3925C23BA70FD00F94B24 /* Project object */ = {
			isa = PBXProject;
			attributes = {
				LastSwiftUpdateCheck = 1130;
				LastUpgradeCheck = 1130;
				ORGANIZATIONNAME = mlvl;
				TargetAttributes = {
					DDB3926323BA70FD00F94B24 = {
						CreatedOnToolsVersion = 11.3;
					};
					DDB3927823BA70FF00F94B24 = {
						CreatedOnToolsVersion = 11.3;
						TestTargetID = DDB3926323BA70FD00F94B24;
					};
					DDB3928323BA70FF00F94B24 = {
						CreatedOnToolsVersion = 11.3;
						TestTargetID = DDB3926323BA70FD00F94B24;
					};
				};
			};
			buildConfigurationList = DDB3925F23BA70FD00F94B24 /* Build configuration list for PBXProject "Main Menu" */;
			compatibilityVersion = "Xcode 9.3";
			developmentRegion = en;
			hasScannedForEncodings = 0;
			knownRegions = (
				en,
				Base,
			);
			mainGroup = DDB3925B23BA70FD00F94B24;
			productRefGroup = DDB3926523BA70FD00F94B24 /* Products */;
			projectDirPath = "";
			projectRoot = "";
			targets = (
				DDB3926323BA70FD00F94B24 /* Main Menu */,
				DDB3927823BA70FF00F94B24 /* Main MenuTests */,
				DDB3928323BA70FF00F94B24 /* Main MenuUITests */,
			);
		};
/* End PBXProject section */

/* Begin PBXResourcesBuildPhase section */
		DDB3926223BA70FD00F94B24 /* Resources */ = {
			isa = PBXResourcesBuildPhase;
			buildActionMask = 2147483647;
			files = (
				DDB3927223BA70FF00F94B24 /* Main.storyboard in Resources */,
				DDB3926F23BA70FF00F94B24 /* Preview Assets.xcassets in Resources */,
				DDB3926C23BA70FF00F94B24 /* Assets.xcassets in Resources */,
			);
			runOnlyForDeploymentPostprocessing = 0;
		};
		DDB3927723BA70FF00F94B24 /* Resources */ = {
			isa = PBXResourcesBuildPhase;
			buildActionMask = 2147483647;
			files = (
			);
			runOnlyForDeploymentPostprocessing = 0;
		};
		DDB3928223BA70FF00F94B24 /* Resources */ = {
			isa = PBXResourcesBuildPhase;
			buildActionMask = 2147483647;
			files = (
			);
			runOnlyForDeploymentPostprocessing = 0;
		};
/* End PBXResourcesBuildPhase section */

/* Begin PBXSourcesBuildPhase section */
		DDB3926023BA70FD00F94B24 /* Sources */ = {
			isa = PBXSourcesBuildPhase;
			buildActionMask = 2147483647;
			files = (
				DDB3926A23BA70FD00F94B24 /* ContentView.swift in Sources */,
				DDB3926823BA70FD00F94B24 /* AppDelegate.swift in Sources */,
			);
			runOnlyForDeploymentPostprocessing = 0;
		};
		DDB3927523BA70FF00F94B24 /* Sources */ = {
			isa = PBXSourcesBuildPhase;
			buildActionMask = 2147483647;
			files = (
				DDB3927E23BA70FF00F94B24 /* Main_MenuTests.swift in Sources */,
			);
			runOnlyForDeploymentPostprocessing = 0;
		};
		DDB3928023BA70FF00F94B24 /* Sources */ = {
			isa = PBXSourcesBuildPhase;
			buildActionMask = 2147483647;
			files = (
				DDB3928923BA70FF00F94B24 /* Main_MenuUITests.swift in Sources */,
			);
			runOnlyForDeploymentPostprocessing = 0;
		};
/* End PBXSourcesBuildPhase section */

/* Begin PBXTargetDependency section */
		DDB3927B23BA70FF00F94B24 /* PBXTargetDependency */ = {
			isa = PBXTargetDependency;
			target = DDB3926323BA70FD00F94B24 /* Main Menu */;
			targetProxy = DDB3927A23BA70FF00F94B24 /* PBXContainerItemProxy */;
		};
		DDB3928623BA70FF00F94B24 /* PBXTargetDependency */ = {
			isa = PBXTargetDependency;
			target = DDB3926323BA70FD00F94B24 /* Main Menu */;
			targetProxy = DDB3928523BA70FF00F94B24 /* PBXContainerItemProxy */;
		};
/* End PBXTargetDependency section */

/* Begin PBXVariantGroup section */
		DDB3927023BA70FF00F94B24 /* Main.storyboard */ = {
			isa = PBXVariantGroup;
			children = (
				DDB3927123BA70FF00F94B24 /* Base */,
			);
			name = Main.storyboard;
			sourceTree = "<group>";
		};
/* End PBXVariantGroup section */

/* Begin XCBuildConfiguration section */
		DDB3928B23BA70FF00F94B24 /* Debug */ = {
			isa = XCBuildConfiguration;
			buildSettings = {
				ALWAYS_SEARCH_USER_PATHS = NO;
				CLANG_ANALYZER_NONNULL = YES;
				CLANG_ANALYZER_NUMBER_OBJECT_CONVERSION = YES_AGGRESSIVE;
				CLANG_CXX_LANGUAGE_STANDARD = "gnu++14";
				CLANG_CXX_LIBRARY = "libc++";
				CLANG_ENABLE_MODULES = YES;
				CLANG_ENABLE_OBJC_ARC = YES;
				CLANG_ENABLE_OBJC_WEAK = YES;
				CLANG_WARN_BLOCK_CAPTURE_AUTORELEASING = YES;
				CLANG_WARN_BOOL_CONVERSION = YES;
				CLANG_WARN_COMMA = YES;
				CLANG_WARN_CONSTANT_CONVERSION = YES;
				CLANG_WARN_DEPRECATED_OBJC_IMPLEMENTATIONS = YES;
				CLANG_WARN_DIRECT_OBJC_ISA_USAGE = YES_ERROR;
				CLANG_WARN_DOCUMENTATION_COMMENTS = YES;
				CLANG_WARN_EMPTY_BODY = YES;
				CLANG_WARN_ENUM_CONVERSION = YES;
				CLANG_WARN_INFINITE_RECURSION = YES;
				CLANG_WARN_INT_CONVERSION = YES;
				CLANG_WARN_NON_LITERAL_NULL_CONVERSION = YES;
				CLANG_WARN_OBJC_IMPLICIT_RETAIN_SELF = YES;
				CLANG_WARN_OBJC_LITERAL_CONVERSION = YES;
				CLANG_WARN_OBJC_ROOT_CLASS = YES_ERROR;
				CLANG_WARN_RANGE_LOOP_ANALYSIS = YES;
				CLANG_WARN_STRICT_PROTOTYPES = YES;
				CLANG_WARN_SUSPICIOUS_MOVE = YES;
				CLANG_WARN_UNGUARDED_AVAILABILITY = YES_AGGRESSIVE;
				CLANG_WARN_UNREACHABLE_CODE = YES;
				CLANG_WARN__DUPLICATE_METHOD_MATCH = YES;
				COPY_PHASE_STRIP = NO;
				DEBUG_INFORMATION_FORMAT = dwarf;
				ENABLE_STRICT_OBJC_MSGSEND = YES;
				ENABLE_TESTABILITY = YES;
				GCC_C_LANGUAGE_STANDARD = gnu11;
				GCC_DYNAMIC_NO_PIC = NO;
				GCC_NO_COMMON_BLOCKS = YES;
				GCC_OPTIMIZATION_LEVEL = 0;
				GCC_PREPROCESSOR_DEFINITIONS = (
					"DEBUG=1",
					"$(inherited)",
				);
				GCC_WARN_64_TO_32_BIT_CONVERSION = YES;
				GCC_WARN_ABOUT_RETURN_TYPE = YES_ERROR;
				GCC_WARN_UNDECLARED_SELECTOR = YES;
				GCC_WARN_UNINITIALIZED_AUTOS = YES_AGGRESSIVE;
				GCC_WARN_UNUSED_FUNCTION = YES;
				GCC_WARN_UNUSED_VARIABLE = YES;
				MACOSX_DEPLOYMENT_TARGET = 10.15;
				MTL_ENABLE_DEBUG_INFO = INCLUDE_SOURCE;
				MTL_FAST_MATH = YES;
				ONLY_ACTIVE_ARCH = YES;
				SDKROOT = macosx;
				SWIFT_ACTIVE_COMPILATION_CONDITIONS = DEBUG;
				SWIFT_OPTIMIZATION_LEVEL = "-Onone";
			};
			name = Debug;
		};
		DDB3928C23BA70FF00F94B24 /* Release */ = {
			isa = XCBuildConfiguration;
			buildSettings = {
				ALWAYS_SEARCH_USER_PATHS = NO;
				CLANG_ANALYZER_NONNULL = YES;
				CLANG_ANALYZER_NUMBER_OBJECT_CONVERSION = YES_AGGRESSIVE;
				CLANG_CXX_LANGUAGE_STANDARD = "gnu++14";
				CLANG_CXX_LIBRARY = "libc++";
				CLANG_ENABLE_MODULES = YES;
				CLANG_ENABLE_OBJC_ARC = YES;
				CLANG_ENABLE_OBJC_WEAK = YES;
				CLANG_WARN_BLOCK_CAPTURE_AUTORELEASING = YES;
				CLANG_WARN_BOOL_CONVERSION = YES;
				CLANG_WARN_COMMA = YES;
				CLANG_WARN_CONSTANT_CONVERSION = YES;
				CLANG_WARN_DEPRECATED_OBJC_IMPLEMENTATIONS = YES;
				CLANG_WARN_DIRECT_OBJC_ISA_USAGE = YES_ERROR;
				CLANG_WARN_DOCUMENTATION_COMMENTS = YES;
				CLANG_WARN_EMPTY_BODY = YES;
				CLANG_WARN_ENUM_CONVERSION = YES;
				CLANG_WARN_INFINITE_RECURSION = YES;
				CLANG_WARN_INT_CONVERSION = YES;
				CLANG_WARN_NON_LITERAL_NULL_CONVERSION = YES;
				CLANG_WARN_OBJC_IMPLICIT_RETAIN_SELF = YES;
				CLANG_WARN_OBJC_LITERAL_CONVERSION = YES;
				CLANG_WARN_OBJC_ROOT_CLASS = YES_ERROR;
				CLANG_WARN_RANGE_LOOP_ANALYSIS = YES;
				CLANG_WARN_STRICT_PROTOTYPES = YES;
				CLANG_WARN_SUSPICIOUS_MOVE = YES;
				CLANG_WARN_UNGUARDED_AVAILABILITY = YES_AGGRESSIVE;
				CLANG_WARN_UNREACHABLE_CODE = YES;
				CLANG_WARN__DUPLICATE_METHOD_MATCH = YES;
				COPY_PHASE_STRIP = NO;
				DEBUG_INFORMATION_FORMAT = "dwarf-with-dsym";
				ENABLE_NS_ASSERTIONS = NO;
				ENABLE_STRICT_OBJC_MSGSEND = YES;
				GCC_C_LANGUAGE_STANDARD = gnu11;
				GCC_NO_COMMON_BLOCKS = YES;
				GCC_WARN_64_TO_32_BIT_CONVERSION = YES;
				GCC_WARN_ABOUT_RETURN_TYPE = YES_ERROR;
				GCC_WARN_UNDECLARED_SELECTOR = YES;
				GCC_WARN_UNINITIALIZED_AUTOS = YES_AGGRESSIVE;
				GCC_WARN_UNUSED_FUNCTION = YES;
				GCC_WARN_UNUSED_VARIABLE = YES;
				MACOSX_DEPLOYMENT_TARGET = 10.15;
				MTL_ENABLE_DEBUG_INFO = NO;
				MTL_FAST_MATH = YES;
				SDKROOT = macosx;
				SWIFT_COMPILATION_MODE = wholemodule;
				SWIFT_OPTIMIZATION_LEVEL = "-O";
			};
			name = Release;
		};
		DDB3928E23BA70FF00F94B24 /* Debug */ = {
			isa = XCBuildConfiguration;
			buildSettings = {
				ASSETCATALOG_COMPILER_APPICON_NAME = AppIcon;
				CODE_SIGN_ENTITLEMENTS = "Main Menu/Main_Menu.entitlements";
				CODE_SIGN_STYLE = Automatic;
				COMBINE_HIDPI_IMAGES = YES;
				DEVELOPMENT_ASSET_PATHS = "\"Main Menu/Preview Content\"";
				ENABLE_PREVIEWS = YES;
				INFOPLIST_FILE = "Main Menu/Info.plist";
				LD_RUNPATH_SEARCH_PATHS = (
					"$(inherited)",
					"@executable_path/../Frameworks",
				);
				MACOSX_DEPLOYMENT_TARGET = 10.15;
				PRODUCT_BUNDLE_IDENTIFIER = "com.Main-Menu";
				PRODUCT_NAME = "$(TARGET_NAME)";
				SWIFT_VERSION = 5.0;
			};
			name = Debug;
		};
		DDB3928F23BA70FF00F94B24 /* Release */ = {
			isa = XCBuildConfiguration;
			buildSettings = {
				ASSETCATALOG_COMPILER_APPICON_NAME = AppIcon;
				CODE_SIGN_ENTITLEMENTS = "Main Menu/Main_Menu.entitlements";
				CODE_SIGN_STYLE = Automatic;
				COMBINE_HIDPI_IMAGES = YES;
				DEVELOPMENT_ASSET_PATHS = "\"Main Menu/Preview Content\"";
				ENABLE_PREVIEWS = YES;
				INFOPLIST_FILE = "Main Menu/Info.plist";
				LD_RUNPATH_SEARCH_PATHS = (
					"$(inherited)",
					"@executable_path/../Frameworks",
				);
				MACOSX_DEPLOYMENT_TARGET = 10.15;
				PRODUCT_BUNDLE_IDENTIFIER = "com.Main-Menu";
				PRODUCT_NAME = "$(TARGET_NAME)";
				SWIFT_VERSION = 5.0;
			};
			name = Release;
		};
		DDB3929123BA70FF00F94B24 /* Debug */ = {
			isa = XCBuildConfiguration;
			buildSettings = {
				ALWAYS_EMBED_SWIFT_STANDARD_LIBRARIES = YES;
				BUNDLE_LOADER = "$(TEST_HOST)";
				CODE_SIGN_STYLE = Automatic;
				COMBINE_HIDPI_IMAGES = YES;
				INFOPLIST_FILE = "Main MenuTests/Info.plist";
				LD_RUNPATH_SEARCH_PATHS = (
					"$(inherited)",
					"@executable_path/../Frameworks",
					"@loader_path/../Frameworks",
				);
				MACOSX_DEPLOYMENT_TARGET = 10.15;
				PRODUCT_BUNDLE_IDENTIFIER = "com.Main-MenuTests";
				PRODUCT_NAME = "$(TARGET_NAME)";
				SWIFT_VERSION = 5.0;
				TEST_HOST = "$(BUILT_PRODUCTS_DIR)/Main Menu.app/Contents/MacOS/Main Menu";
			};
			name = Debug;
		};
		DDB3929223BA70FF00F94B24 /* Release */ = {
			isa = XCBuildConfiguration;
			buildSettings = {
				ALWAYS_EMBED_SWIFT_STANDARD_LIBRARIES = YES;
				BUNDLE_LOADER = "$(TEST_HOST)";
				CODE_SIGN_STYLE = Automatic;
				COMBINE_HIDPI_IMAGES = YES;
				INFOPLIST_FILE = "Main MenuTests/Info.plist";
				LD_RUNPATH_SEARCH_PATHS = (
					"$(inherited)",
					"@executable_path/../Frameworks",
					"@loader_path/../Frameworks",
				);
				MACOSX_DEPLOYMENT_TARGET = 10.15;
				PRODUCT_BUNDLE_IDENTIFIER = "com.Main-MenuTests";
				PRODUCT_NAME = "$(TARGET_NAME)";
				SWIFT_VERSION = 5.0;
				TEST_HOST = "$(BUILT_PRODUCTS_DIR)/Main Menu.app/Contents/MacOS/Main Menu";
			};
			name = Release;
		};
		DDB3929423BA70FF00F94B24 /* Debug */ = {
			isa = XCBuildConfiguration;
			buildSettings = {
				ALWAYS_EMBED_SWIFT_STANDARD_LIBRARIES = YES;
				CODE_SIGN_STYLE = Automatic;
				COMBINE_HIDPI_IMAGES = YES;
				INFOPLIST_FILE = "Main MenuUITests/Info.plist";
				LD_RUNPATH_SEARCH_PATHS = (
					"$(inherited)",
					"@executable_path/../Frameworks",
					"@loader_path/../Frameworks",
				);
				PRODUCT_BUNDLE_IDENTIFIER = "com.Main-MenuUITests";
				PRODUCT_NAME = "$(TARGET_NAME)";
				SWIFT_VERSION = 5.0;
				TEST_TARGET_NAME = "Main Menu";
			};
			name = Debug;
		};
		DDB3929523BA70FF00F94B24 /* Release */ = {
			isa = XCBuildConfiguration;
			buildSettings = {
				ALWAYS_EMBED_SWIFT_STANDARD_LIBRARIES = YES;
				CODE_SIGN_STYLE = Automatic;
				COMBINE_HIDPI_IMAGES = YES;
				INFOPLIST_FILE = "Main MenuUITests/Info.plist";
				LD_RUNPATH_SEARCH_PATHS = (
					"$(inherited)",
					"@executable_path/../Frameworks",
					"@loader_path/../Frameworks",
				);
				PRODUCT_BUNDLE_IDENTIFIER = "com.Main-MenuUITests";
				PRODUCT_NAME = "$(TARGET_NAME)";
				SWIFT_VERSION = 5.0;
				TEST_TARGET_NAME = "Main Menu";
			};
			name = Release;
		};
/* End XCBuildConfiguration section */

/* Begin XCConfigurationList section */
		DDB3925F23BA70FD00F94B24 /* Build configuration list for PBXProject "Main Menu" */ = {
			isa = XCConfigurationList;
			buildConfigurations = (
				DDB3928B23BA70FF00F94B24 /* Debug */,
				DDB3928C23BA70FF00F94B24 /* Release */,
			);
			defaultConfigurationIsVisible = 0;
			defaultConfigurationName = Release;
		};
		DDB3928D23BA70FF00F94B24 /* Build configuration list for PBXNativeTarget "Main Menu" */ = {
			isa = XCConfigurationList;
			buildConfigurations = (
				DDB3928E23BA70FF00F94B24 /* Debug */,
				DDB3928F23BA70FF00F94B24 /* Release */,
			);
			defaultConfigurationIsVisible = 0;
			defaultConfigurationName = Release;
		};
		DDB3929023BA70FF00F94B24 /* Build configuration list for PBXNativeTarget "Main MenuTests" */ = {
			isa = XCConfigurationList;
			buildConfigurations = (
				DDB3929123BA70FF00F94B24 /* Debug */,
				DDB3929223BA70FF00F94B24 /* Release */,
			);
			defaultConfigurationIsVisible = 0;
			defaultConfigurationName = Release;
		};
		DDB3929323BA70FF00F94B24 /* Build configuration list for PBXNativeTarget "Main MenuUITests" */ = {
			isa = XCConfigurationList;
			buildConfigurations = (
				DDB3929423BA70FF00F94B24 /* Debug */,
				DDB3929523BA70FF00F94B24 /* Release */,
			);
			defaultConfigurationIsVisible = 0;
			defaultConfigurationName = Release;
		};
/* End XCConfigurationList section */
	};
	rootObject = DDB3925C23BA70FD00F94B24 /* Project object */;
}
