<?xml version="1.0" encoding="utf-8"?>
<Project ToolsVersion="4.0" xmlns="http://schemas.microsoft.com/developer/msbuild/2003">
  <ItemGroup>
    <Filter Include="Header Files">
      <UniqueIdentifier>{8992744b-04c6-4bd8-a54f-d1c5c92d2be5}</UniqueIdentifier>
    </Filter>
    <Filter Include="Source Files">
      <UniqueIdentifier>{b5cad8d8-1211-4ad7-bf41-22e4c1643d1c}</UniqueIdentifier>
    </Filter>
  </ItemGroup>
  <ItemGroup>
    <ClInclude Include="Enums.h" />
    <ClInclude Include="Header Files\Agent.h">
      <Filter>Header Files</Filter>
    </ClInclude>
    <ClInclude Include="Header Files\Map.h">
      <Filter>Header Files</Filter>
    </ClInclude>
    <ClInclude Include="Header Files\Table.h">
      <Filter>Header Files</Filter>
    </ClInclude>
  </ItemGroup>
  <ItemGroup>
    <ClCompile Include="main.cpp" />
    <ClCompile Include="Source Files\Map.cpp">
      <Filter>Source Files</Filter>
    </ClCompile>
    <ClCompile Include="Source Files\Table.cpp">
      <Filter>Source Files</Filter>
    </ClCompile>
    <ClCompile Include="Source Files\Agent.cpp">
      <Filter>Source Files</Filter>
    </ClCompile>
  </ItemGroup>
</Project>